{
  "version": 4,
  "terraform_version": "1.8.5",
  "serial": 2,
  "lineage": "cf04f566-3d7a-8eeb-65bc-ebf27225051f",
  "outputs": {
    "environment_status": {
      "value": "",
      "type": "string"
    }
  },
  "resources": [
    {
      "mode": "managed",
      "type": "platformsh_environment",
      "name": "new_environment",
      "provider": "provider[\"local.provider/rhs/platformsh\"]",
      "instances": [
        {
          "schema_version": 0,
          "attributes": {
            "created_at": "",
            "default_domain": "",
            "enable_smtp": true,
            "id": "newly_generated_id",
            "name": "lates-env",
            "project_id": "roqsqouvgnwsm",
            "restrict_robots": true,
            "status": "",
            "title": "Latest Environment",
            "type": ""
          },
          "sensitive_attributes": []
        }
      ]
    }
  ],
  "check_results": null
}
